
Microsoft Visual Studio Solution File, Format Version 12.00
# Visual Studio Version 17
VisualStudioVersion = 17.4.33110.190
MinimumVisualStudioVersion = 10.0.40219.1
Project("{9A19103F-16F7-4668-BE54-9A1E7A4F7556}") = "Backend.Domain", "Backend.Domain\Backend.Domain.csproj", "{28253B98-F2A9-4715-BFD7-50BC5239FD0F}"
EndProject
Project("{9A19103F-16F7-4668-BE54-9A1E7A4F7556}") = "Backend.Infrastructure", "Backend.Infrastructure\Backend.Infrastructure.csproj", "{62C3CE10-5971-41BB-99C8-B735301D8D6E}"
	ProjectSection(ProjectDependencies) = postProject
		{28253B98-F2A9-4715-BFD7-50BC5239FD0F} = {28253B98-F2A9-4715-BFD7-50BC5239FD0F}
	EndProjectSection
EndProject
Project("{9A19103F-16F7-4668-BE54-9A1E7A4F7556}") = "Backend.Application", "Backend.Application\Backend.Application.csproj", "{BDEEF28F-028F-4A08-9A49-FCC1A15C5AF7}"
	ProjectSection(ProjectDependencies) = postProject
		{28253B98-F2A9-4715-BFD7-50BC5239FD0F} = {28253B98-F2A9-4715-BFD7-50BC5239FD0F}
		{62C3CE10-5971-41BB-99C8-B735301D8D6E} = {62C3CE10-5971-41BB-99C8-B735301D8D6E}
	EndProjectSection
EndProject
Project("{9A19103F-16F7-4668-BE54-9A1E7A4F7556}") = "App.Backend", "App.Backend\App.Backend.csproj", "{60D8E7F8-4144-4AC7-8F10-19373CB4A6C1}"
EndProject
Project("{FAE04EC0-301F-11D3-BF4B-00C04F79EFBC}") = "App.CDN", "App.CDN\App.CDN.csproj", "{11B1575E-173F-4D95-BE7F-D8774CBC8664}"
EndProject
Global
	GlobalSection(SolutionConfigurationPlatforms) = preSolution
		Debug|Any CPU = Debug|Any CPU
		Release|Any CPU = Release|Any CPU
	EndGlobalSection
	GlobalSection(ProjectConfigurationPlatforms) = postSolution
		{28253B98-F2A9-4715-BFD7-50BC5239FD0F}.Debug|Any CPU.ActiveCfg = Debug|Any CPU
		{28253B98-F2A9-4715-BFD7-50BC5239FD0F}.Debug|Any CPU.Build.0 = Debug|Any CPU
		{28253B98-F2A9-4715-BFD7-50BC5239FD0F}.Release|Any CPU.ActiveCfg = Release|Any CPU
		{28253B98-F2A9-4715-BFD7-50BC5239FD0F}.Release|Any CPU.Build.0 = Release|Any CPU
		{62C3CE10-5971-41BB-99C8-B735301D8D6E}.Debug|Any CPU.ActiveCfg = Debug|Any CPU
		{62C3CE10-5971-41BB-99C8-B735301D8D6E}.Debug|Any CPU.Build.0 = Debug|Any CPU
		{62C3CE10-5971-41BB-99C8-B735301D8D6E}.Release|Any CPU.ActiveCfg = Release|Any CPU
		{62C3CE10-5971-41BB-99C8-B735301D8D6E}.Release|Any CPU.Build.0 = Release|Any CPU
		{BDEEF28F-028F-4A08-9A49-FCC1A15C5AF7}.Debug|Any CPU.ActiveCfg = Debug|Any CPU
		{BDEEF28F-028F-4A08-9A49-FCC1A15C5AF7}.Debug|Any CPU.Build.0 = Debug|Any CPU
		{BDEEF28F-028F-4A08-9A49-FCC1A15C5AF7}.Release|Any CPU.ActiveCfg = Release|Any CPU
		{BDEEF28F-028F-4A08-9A49-FCC1A15C5AF7}.Release|Any CPU.Build.0 = Release|Any CPU
		{60D8E7F8-4144-4AC7-8F10-19373CB4A6C1}.Debug|Any CPU.ActiveCfg = Debug|Any CPU
		{60D8E7F8-4144-4AC7-8F10-19373CB4A6C1}.Debug|Any CPU.Build.0 = Debug|Any CPU
		{60D8E7F8-4144-4AC7-8F10-19373CB4A6C1}.Release|Any CPU.ActiveCfg = Release|Any CPU
		{60D8E7F8-4144-4AC7-8F10-19373CB4A6C1}.Release|Any CPU.Build.0 = Release|Any CPU
		{11B1575E-173F-4D95-BE7F-D8774CBC8664}.Debug|Any CPU.ActiveCfg = Debug|Any CPU
		{11B1575E-173F-4D95-BE7F-D8774CBC8664}.Debug|Any CPU.Build.0 = Debug|Any CPU
		{11B1575E-173F-4D95-BE7F-D8774CBC8664}.Release|Any CPU.ActiveCfg = Release|Any CPU
		{11B1575E-173F-4D95-BE7F-D8774CBC8664}.Release|Any CPU.Build.0 = Release|Any CPU
	EndGlobalSection
	GlobalSection(SolutionProperties) = preSolution
		HideSolutionNode = FALSE
	EndGlobalSection
	GlobalSection(ExtensibilityGlobals) = postSolution
		SolutionGuid = {19DF399A-7FB2-4BED-BBD3-03AFCCABB97C}
	EndGlobalSection
EndGlobal
